{
  "version": 4,
  "terraform_version": "1.15.2",
  "serial": 29,
  "lineage": "5bbea010-632d-195d-d432-4d3e1edb26ae",
  "outputs": {},
  "resources": [
    {
      "mode": "data",
      "type": "yandex_compute_image",
      "name": "ubuntu",
      "provider": "provider[\"registry.terraform.io/yandex-cloud/yandex\"]",
      "instances": [
        {
          "schema_version": 0,
          "attributes": {
            "created_at": "2026-07-06T18:43:35Z",
            "description": "Ubuntu 24.04 lts v20260703040407",
            "family": "ubuntu-2404-lts",
            "folder_id": "standard-images",
            "hardware_generation": [
              {
                "generation2_features": [],
                "legacy_features": [
                  {
                    "pci_topology": "PCI_TOPOLOGY_V2"
                  }
                ]
              }
            ],
            "id": "fd8qp6dt85f1hl8r28r2",
            "image_id": "fd8qp6dt85f1hl8r28r2",
            "kms_key_id": null,
            "labels": {
              "version": "20260703040407",
              "x-hopper-operation-id": "d9pkhrfiogkt2fdhajbp",
              "x-hopper-source-image-id": "fd87c15mu884mcu0jq1v"
            },
            "min_disk_size": 10,
            "name": "ubuntu-24-04-lts-v20260706",
            "os_type": "linux",
            "pooled": true,
            "product_ids": [
              "f2epkchrn079i11s72ba"
            ],
            "size": 2,
            "status": "ready"
          },
          "sensitive_attributes": [],
          "identity_schema_version": 0
        }
      ]
    },
    {
      "mode": "managed",
      "type": "yandex_compute_instance",
      "name": "test",
      "provider": "provider[\"registry.terraform.io/yandex-cloud/yandex\"]",
      "instances": [
        {
          "schema_version": 1,
          "attributes": {
            "allow_recreate": null,
            "allow_stopping_for_update": null,
            "boot_disk": [
              {
                "auto_delete": true,
                "device_name": "fv438vuupt3jbjoqkb7i",
                "disk_id": "fv438vuupt3jbjoqkb7i",
                "initialize_params": [
                  {
                    "block_size": 4096,
                    "description": "",
                    "image_id": "fd8qp6dt85f1hl8r28r2",
                    "kms_key_id": "",
                    "name": "disk-ubuntu-24-04-lts-1784117163428",
                    "size": 20,
                    "snapshot_id": "",
                    "type": "network-ssd"
                  }
                ],
                "mode": "READ_WRITE"
              }
            ],
            "created_at": "2026-07-15T13:16:32Z",
            "description": "",
            "filesystem": [],
            "folder_id": "b1gi53mqa5sd16h4qfeh",
            "fqdn": "test.ru-central1.internal",
            "gpu_cluster_id": "",
            "hardware_generation": [
              {
                "generation2_features": [],
                "legacy_features": [
                  {
                    "pci_topology": "PCI_TOPOLOGY_V2"
                  }
                ]
              }
            ],
            "hostname": "test",
            "id": "fv4eglrjgfn0jt73ouf2",
            "labels": null,
            "local_disk": [],
            "maintenance_grace_period": "",
            "maintenance_policy": null,
            "metadata": {
              "user-data": "#cloud-config\nusers:\n    - name: 'megorka'\n      groups: sudo\n      shell: /bin/bash\n      sudo: 'ALL=(ALL) NOPASSWD:ALL'\n      ssh_authorized_keys:\n        - 'ssh-ed25519 AAAAC3NzaC1lZDI1NTE5AAAAIH05b1n1dR4Ep2Of1Vt+7bznJrb+zhCR8YXKvgoLNADg macbook@MacBook-Air-MacBook.local'"
            },
            "metadata_options": [
              {
                "aws_v1_http_endpoint": 1,
                "aws_v1_http_token": 2,
                "aws_v2_http_endpoint": 1,
                "aws_v2_http_token": 1,
                "gce_http_endpoint": 1,
                "gce_http_token": 1
              }
            ],
            "name": "test",
            "network_acceleration_type": "standard",
            "network_interface": [
              {
                "dns_record": [],
                "index": 0,
                "ip_address": "10.0.0.32",
                "ipv4": true,
                "ipv6": false,
                "ipv6_address": "",
                "ipv6_dns_record": [],
                "mac_address": "d0:0d:e8:57:73:83",
                "nat": true,
                "nat_dns_record": [],
                "nat_ip_address": "158.160.129.235",
                "nat_ip_version": "IPV4",
                "security_group_ids": [
                  "enpo35asafv70rbq49or"
                ],
                "subnet_id": "fl8bq6pk1056i6kq0obe"
              }
            ],
            "placement_policy": [
              {
                "host_affinity_rules": [],
                "placement_group_id": "",
                "placement_group_partition": 0
              }
            ],
            "platform_id": "standard-v3",
            "resources": [
              {
                "core_fraction": 100,
                "cores": 2,
                "gpus": 0,
                "memory": 2
              }
            ],
            "scheduling_policy": [
              {
                "preemptible": false
              }
            ],
            "secondary_disk": [],
            "service_account_id": "",
            "status": "running",
            "timeouts": null,
            "zone": "ru-central1-d"
          },
          "sensitive_attributes": [],
          "identity_schema_version": 0,
          "private": "eyJlMmJmYjczMC1lY2FhLTExZTYtOGY4OC0zNDM2M2JjN2M0YzAiOnsiY3JlYXRlIjozMDAwMDAwMDAwMDAsImRlbGV0ZSI6MzAwMDAwMDAwMDAwLCJ1cGRhdGUiOjMwMDAwMDAwMDAwMH0sInNjaGVtYV92ZXJzaW9uIjoiMSJ9",
          "dependencies": [
            "data.yandex_compute_image.ubuntu",
            "yandex_vpc_network.net",
            "yandex_vpc_security_group.test-sg",
            "yandex_vpc_subnet.subnet"
          ]
        }
      ]
    },
    {
      "mode": "managed",
      "type": "yandex_vpc_network",
      "name": "net",
      "provider": "provider[\"registry.terraform.io/yandex-cloud/yandex\"]",
      "instances": [
        {
          "schema_version": 0,
          "attributes": {
            "created_at": "2026-07-15T13:16:28Z",
            "default_security_group_id": "enpoljn6lfucug86sad9",
            "description": "",
            "folder_id": "b1gi53mqa5sd16h4qfeh",
            "id": "enp8a2sku7su0ltrm3kj",
            "labels": {},
            "name": "test-network",
            "subnet_ids": [],
            "timeouts": null
          },
          "sensitive_attributes": [],
          "identity_schema_version": 0,
          "private": "eyJlMmJmYjczMC1lY2FhLTExZTYtOGY4OC0zNDM2M2JjN2M0YzAiOnsiY3JlYXRlIjo2MDAwMDAwMDAwMCwiZGVsZXRlIjo2MDAwMDAwMDAwMCwidXBkYXRlIjo2MDAwMDAwMDAwMH19"
        }
      ]
    },
    {
      "mode": "managed",
      "type": "yandex_vpc_security_group",
      "name": "test-sg",
      "provider": "provider[\"registry.terraform.io/yandex-cloud/yandex\"]",
      "instances": [
        {
          "schema_version": 0,
          "attributes": {
            "created_at": "2026-07-15T13:16:31Z",
            "description": "",
            "egress": [
              {
                "description": "for blocking any port",
                "from_port": -1,
                "id": "enppsep3fhli1u8t5evm",
                "labels": {},
                "port": -1,
                "predefined_target": "",
                "protocol": "ANY",
                "security_group_id": "",
                "to_port": -1,
                "v4_cidr_blocks": [
                  "0.0.0.0/24"
                ],
                "v6_cidr_blocks": []
              }
            ],
            "folder_id": "b1gi53mqa5sd16h4qfeh",
            "id": "enpo35asafv70rbq49or",
            "ingress": [
              {
                "description": "SSH",
                "from_port": -1,
                "id": "enprd11h3sbjp686ench",
                "labels": {},
                "port": 22,
                "predefined_target": "",
                "protocol": "TCP",
                "security_group_id": "",
                "to_port": -1,
                "v4_cidr_blocks": [
                  "0.0.0.0/24"
                ],
                "v6_cidr_blocks": []
              }
            ],
            "labels": {},
            "name": "test-sg",
            "network_id": "enp8a2sku7su0ltrm3kj",
            "status": "ACTIVE",
            "timeouts": null
          },
          "sensitive_attributes": [],
          "identity_schema_version": 0,
          "private": "eyJlMmJmYjczMC1lY2FhLTExZTYtOGY4OC0zNDM2M2JjN2M0YzAiOnsiY3JlYXRlIjoxODAwMDAwMDAwMDAsImRlbGV0ZSI6MTgwMDAwMDAwMDAwLCJ1cGRhdGUiOjE4MDAwMDAwMDAwMH19",
          "dependencies": [
            "yandex_vpc_network.net"
          ]
        }
      ]
    },
    {
      "mode": "managed",
      "type": "yandex_vpc_subnet",
      "name": "subnet",
      "provider": "provider[\"registry.terraform.io/yandex-cloud/yandex\"]",
      "instances": [
        {
          "schema_version": 0,
          "attributes": {
            "created_at": "2026-07-15T13:16:29Z",
            "description": "",
            "dhcp_options": [],
            "folder_id": "b1gi53mqa5sd16h4qfeh",
            "id": "fl8bq6pk1056i6kq0obe",
            "labels": {},
            "name": "test-subnet",
            "network_id": "enp8a2sku7su0ltrm3kj",
            "route_table_id": "",
            "timeouts": null,
            "v4_cidr_blocks": [
              "10.0.0.0/24"
            ],
            "v6_cidr_blocks": [],
            "zone": "ru-central1-d"
          },
          "sensitive_attributes": [],
          "identity_schema_version": 0,
          "private": "eyJlMmJmYjczMC1lY2FhLTExZTYtOGY4OC0zNDM2M2JjN2M0YzAiOnsiY3JlYXRlIjoxODAwMDAwMDAwMDAsImRlbGV0ZSI6MTgwMDAwMDAwMDAwLCJ1cGRhdGUiOjE4MDAwMDAwMDAwMH19",
          "dependencies": [
            "yandex_vpc_network.net"
          ]
        }
      ]
    }
  ],
  "check_results": null
}
