{
  "version": 4,
  "terraform_version": "1.15.2",
  "serial": 315,
  "lineage": "5bbea010-632d-195d-d432-4d3e1edb26ae",
  "outputs": {
    "public_ip": {
      "value": "158.160.188.149",
      "type": "string"
    }
  },
  "resources": [
    {
      "mode": "data",
      "type": "yandex_compute_image",
      "name": "ubuntu",
      "provider": "provider[\"registry.terraform.io/yandex-cloud/yandex\"]",
      "instances": [
        {
          "schema_version": 0,
          "attributes": {
            "created_at": "2026-07-20T18:42:04Z",
            "description": "Ubuntu 24.04 lts v20260717040342",
            "family": "ubuntu-2404-lts",
            "folder_id": "standard-images",
            "hardware_generation": [
              {
                "generation2_features": [],
                "legacy_features": [
                  {
                    "pci_topology": "PCI_TOPOLOGY_V2"
                  }
                ]
              }
            ],
            "id": "fd8fvfgir27tr63rk9s9",
            "image_id": "fd8fvfgir27tr63rk9s9",
            "kms_key_id": null,
            "labels": {
              "version": "20260717040342",
              "x-hopper-operation-id": "d9pkm40p1gbsb7un8i5t",
              "x-hopper-source-image-id": "fd8m08p10vlbpgmcr82d"
            },
            "min_disk_size": 10,
            "name": "ubuntu-24-04-lts-v20260720",
            "os_type": "linux",
            "pooled": true,
            "product_ids": [
              "f2e3vpk5t68b8lnk6evi"
            ],
            "size": 2,
            "status": "ready"
          },
          "sensitive_attributes": [],
          "identity_schema_version": 0
        }
      ]
    },
    {
      "mode": "managed",
      "type": "local_file",
      "name": "ansible_inventory",
      "provider": "provider[\"registry.terraform.io/hashicorp/local\"]",
      "instances": [
        {
          "schema_version": 0,
          "attributes": {
            "content": "[k3s_master]\n158.160.188.149 ansible_host=158.160.188.149 ansible_user=deploy ansible-port=22\n[k3s_worker]\n10.0.1.29 ansible_host=10.0.1.29 ansible_user=deploy ansible_ssh_common_args='-o ProxyJump=deploy@158.160.188.149'\n10.0.1.17 ansible_host=10.0.1.17 ansible_user=deploy ansible_ssh_common_args='-o ProxyJump=deploy@158.160.188.149'\n\n[vps:children]\nk3s_master\nk3s_worker",
            "content_base64": null,
            "content_base64sha256": "PJm1DGrBn6eITcsX2ubKgffvQ91et7RSkVvSvkrF6eQ=",
            "content_base64sha512": "cYX0FoD1q9U5FJ9TOEMYFaBLrp6ztx7tiunTwxDQWQF4VB8wtGAefTxpJbssuf8FGOX/XuWhDzx3viE1s6vT8w==",
            "content_md5": "7e4165a2b4f383659b367d1ddd66805d",
            "content_sha1": "6427ee01ecd0e8629608d7bd43570681ec496261",
            "content_sha256": "3c99b50c6ac19fa7884dcb17dae6ca81f7ef43dd5eb7b452915bd2be4ac5e9e4",
            "content_sha512": "7185f41680f5abd539149f5338431815a04bae9eb3b71eed8ae9d3c310d0590178541f30b4601e7d3c6925bb2cb9ff0518e5ff5ee5a10f3c77be2135b3abd3f3",
            "directory_permission": "0777",
            "file_permission": "0777",
            "filename": "./ansible/inventory.ini",
            "id": "6427ee01ecd0e8629608d7bd43570681ec496261",
            "sensitive_content": null,
            "source": null
          },
          "sensitive_attributes": [
            [
              {
                "type": "get_attr",
                "value": "sensitive_content"
              }
            ]
          ],
          "identity_schema_version": 0,
          "dependencies": [
            "data.yandex_compute_image.ubuntu",
            "yandex_compute_instance.test",
            "yandex_vpc_gateway.nat_gateway",
            "yandex_vpc_network.net",
            "yandex_vpc_route_table.nat_route",
            "yandex_vpc_security_group.test-sg",
            "yandex_vpc_subnet.private_subnet",
            "yandex_vpc_subnet.public_subnet"
          ]
        }
      ]
    },
    {
      "mode": "managed",
      "type": "yandex_compute_instance",
      "name": "test",
      "provider": "provider[\"registry.terraform.io/yandex-cloud/yandex\"]",
      "instances": [
        {
          "index_key": 0,
          "schema_version": 1,
          "attributes": {
            "allow_recreate": null,
            "allow_stopping_for_update": null,
            "boot_disk": [
              {
                "auto_delete": true,
                "device_name": "fv410lpd62slfa7apil2",
                "disk_id": "fv410lpd62slfa7apil2",
                "initialize_params": [
                  {
                    "block_size": 4096,
                    "description": "",
                    "image_id": "fd8fvfgir27tr63rk9s9",
                    "kms_key_id": "",
                    "name": "disk-ubuntu-24-04-lts-1784117163428--0",
                    "size": 20,
                    "snapshot_id": "",
                    "type": "network-ssd"
                  }
                ],
                "mode": "READ_WRITE"
              }
            ],
            "created_at": "2026-07-23T05:37:27Z",
            "description": "",
            "filesystem": [],
            "folder_id": "b1gi53mqa5sd16h4qfeh",
            "fqdn": "test-0.ru-central1.internal",
            "gpu_cluster_id": "",
            "hardware_generation": [
              {
                "generation2_features": [],
                "legacy_features": [
                  {
                    "pci_topology": "PCI_TOPOLOGY_V2"
                  }
                ]
              }
            ],
            "hostname": "test-0",
            "id": "fv4g4js61ojcqcgkbg8c",
            "labels": null,
            "local_disk": [],
            "maintenance_grace_period": "",
            "maintenance_policy": null,
            "metadata": {
              "user-data": "#cloud-config\nusers:\n    - name: 'megorka'\n      groups: sudo\n      shell: /bin/bash\n      sudo: 'ALL=(ALL) NOPASSWD:ALL'\n      ssh_authorized_keys:\n        - 'ssh-ed25519 AAAAC3NzaC1lZDI1NTE5AAAAIH05b1n1dR4Ep2Of1Vt+7bznJrb+zhCR8YXKvgoLNADg macbook@MacBook-Air-MacBook.local'\n    - name: 'deploy'\n      groups: sudo\n      shell: /bin/bash\n      sudo: 'ALL=(ALL) NOPASSWD:ALL'\n      ssh_authorized_keys:\n        - 'ssh-ed25519 AAAAC3NzaC1lZDI1NTE5AAAAIH05b1n1dR4Ep2Of1Vt+7bznJrb+zhCR8YXKvgoLNADg macbook@MacBook-Air-MacBook.local'\n    "
            },
            "metadata_options": [
              {
                "aws_v1_http_endpoint": 1,
                "aws_v1_http_token": 2,
                "aws_v2_http_endpoint": 1,
                "aws_v2_http_token": 1,
                "gce_http_endpoint": 1,
                "gce_http_token": 1
              }
            ],
            "name": "test-0",
            "network_acceleration_type": "standard",
            "network_interface": [
              {
                "dns_record": [],
                "index": 0,
                "ip_address": "10.0.0.12",
                "ipv4": true,
                "ipv6": false,
                "ipv6_address": "",
                "ipv6_dns_record": [],
                "mac_address": "d0:0d:10:24:f8:60",
                "nat": true,
                "nat_dns_record": [],
                "nat_ip_address": "158.160.188.149",
                "nat_ip_version": "IPV4",
                "security_group_ids": [
                  "enptbelvfgc48s3vo679"
                ],
                "subnet_id": "fl8nb36g82a9i32skjj9"
              }
            ],
            "placement_policy": [
              {
                "host_affinity_rules": [],
                "placement_group_id": "",
                "placement_group_partition": 0
              }
            ],
            "platform_id": "standard-v3",
            "resources": [
              {
                "core_fraction": 100,
                "cores": 2,
                "gpus": 0,
                "memory": 2
              }
            ],
            "scheduling_policy": [
              {
                "preemptible": false
              }
            ],
            "secondary_disk": [],
            "service_account_id": "",
            "status": "running",
            "timeouts": null,
            "zone": "ru-central1-d"
          },
          "sensitive_attributes": [],
          "identity_schema_version": 0,
          "private": "eyJlMmJmYjczMC1lY2FhLTExZTYtOGY4OC0zNDM2M2JjN2M0YzAiOnsiY3JlYXRlIjozMDAwMDAwMDAwMDAsImRlbGV0ZSI6MzAwMDAwMDAwMDAwLCJ1cGRhdGUiOjMwMDAwMDAwMDAwMH0sInNjaGVtYV92ZXJzaW9uIjoiMSJ9",
          "dependencies": [
            "data.yandex_compute_image.ubuntu",
            "yandex_vpc_gateway.nat_gateway",
            "yandex_vpc_network.net",
            "yandex_vpc_route_table.nat_route",
            "yandex_vpc_security_group.test-sg",
            "yandex_vpc_subnet.private_subnet",
            "yandex_vpc_subnet.public_subnet"
          ]
        },
        {
          "index_key": 1,
          "schema_version": 1,
          "attributes": {
            "allow_recreate": null,
            "allow_stopping_for_update": null,
            "boot_disk": [
              {
                "auto_delete": true,
                "device_name": "fv4cl8rck0ss1lu1hdoc",
                "disk_id": "fv4cl8rck0ss1lu1hdoc",
                "initialize_params": [
                  {
                    "block_size": 4096,
                    "description": "",
                    "image_id": "fd8fvfgir27tr63rk9s9",
                    "kms_key_id": "",
                    "name": "disk-ubuntu-24-04-lts-1784117163428--1",
                    "size": 20,
                    "snapshot_id": "",
                    "type": "network-ssd"
                  }
                ],
                "mode": "READ_WRITE"
              }
            ],
            "created_at": "2026-07-23T05:37:27Z",
            "description": "",
            "filesystem": [],
            "folder_id": "b1gi53mqa5sd16h4qfeh",
            "fqdn": "test-1.ru-central1.internal",
            "gpu_cluster_id": "",
            "hardware_generation": [
              {
                "generation2_features": [],
                "legacy_features": [
                  {
                    "pci_topology": "PCI_TOPOLOGY_V2"
                  }
                ]
              }
            ],
            "hostname": "test-1",
            "id": "fv4qs9ljpjul1jl9u52g",
            "labels": null,
            "local_disk": [],
            "maintenance_grace_period": "",
            "maintenance_policy": null,
            "metadata": {
              "user-data": "#cloud-config\nusers:\n    - name: 'megorka'\n      groups: sudo\n      shell: /bin/bash\n      sudo: 'ALL=(ALL) NOPASSWD:ALL'\n      ssh_authorized_keys:\n        - 'ssh-ed25519 AAAAC3NzaC1lZDI1NTE5AAAAIH05b1n1dR4Ep2Of1Vt+7bznJrb+zhCR8YXKvgoLNADg macbook@MacBook-Air-MacBook.local'\n    - name: 'deploy'\n      groups: sudo\n      shell: /bin/bash\n      sudo: 'ALL=(ALL) NOPASSWD:ALL'\n      ssh_authorized_keys:\n        - 'ssh-ed25519 AAAAC3NzaC1lZDI1NTE5AAAAIH05b1n1dR4Ep2Of1Vt+7bznJrb+zhCR8YXKvgoLNADg macbook@MacBook-Air-MacBook.local'\n    "
            },
            "metadata_options": [
              {
                "aws_v1_http_endpoint": 1,
                "aws_v1_http_token": 2,
                "aws_v2_http_endpoint": 1,
                "aws_v2_http_token": 1,
                "gce_http_endpoint": 1,
                "gce_http_token": 1
              }
            ],
            "name": "test-1",
            "network_acceleration_type": "standard",
            "network_interface": [
              {
                "dns_record": [],
                "index": 0,
                "ip_address": "10.0.1.29",
                "ipv4": true,
                "ipv6": false,
                "ipv6_address": "",
                "ipv6_dns_record": [],
                "mac_address": "d0:0d:1a:e2:6b:3c",
                "nat": false,
                "nat_dns_record": [],
                "nat_ip_address": "",
                "nat_ip_version": "",
                "security_group_ids": [
                  "enptbelvfgc48s3vo679"
                ],
                "subnet_id": "fl8l2sduu0lc8mtglp79"
              }
            ],
            "placement_policy": [
              {
                "host_affinity_rules": [],
                "placement_group_id": "",
                "placement_group_partition": 0
              }
            ],
            "platform_id": "standard-v3",
            "resources": [
              {
                "core_fraction": 100,
                "cores": 2,
                "gpus": 0,
                "memory": 2
              }
            ],
            "scheduling_policy": [
              {
                "preemptible": false
              }
            ],
            "secondary_disk": [],
            "service_account_id": "",
            "status": "running",
            "timeouts": null,
            "zone": "ru-central1-d"
          },
          "sensitive_attributes": [],
          "identity_schema_version": 0,
          "private": "eyJlMmJmYjczMC1lY2FhLTExZTYtOGY4OC0zNDM2M2JjN2M0YzAiOnsiY3JlYXRlIjozMDAwMDAwMDAwMDAsImRlbGV0ZSI6MzAwMDAwMDAwMDAwLCJ1cGRhdGUiOjMwMDAwMDAwMDAwMH0sInNjaGVtYV92ZXJzaW9uIjoiMSJ9",
          "dependencies": [
            "data.yandex_compute_image.ubuntu",
            "yandex_vpc_gateway.nat_gateway",
            "yandex_vpc_network.net",
            "yandex_vpc_route_table.nat_route",
            "yandex_vpc_security_group.test-sg",
            "yandex_vpc_subnet.private_subnet",
            "yandex_vpc_subnet.public_subnet"
          ]
        },
        {
          "index_key": 2,
          "schema_version": 1,
          "attributes": {
            "allow_recreate": null,
            "allow_stopping_for_update": null,
            "boot_disk": [
              {
                "auto_delete": true,
                "device_name": "fv4uekc4b1ipg28jgcm1",
                "disk_id": "fv4uekc4b1ipg28jgcm1",
                "initialize_params": [
                  {
                    "block_size": 4096,
                    "description": "",
                    "image_id": "fd8fvfgir27tr63rk9s9",
                    "kms_key_id": "",
                    "name": "disk-ubuntu-24-04-lts-1784117163428--2",
                    "size": 20,
                    "snapshot_id": "",
                    "type": "network-ssd"
                  }
                ],
                "mode": "READ_WRITE"
              }
            ],
            "created_at": "2026-07-23T05:37:28Z",
            "description": "",
            "filesystem": [],
            "folder_id": "b1gi53mqa5sd16h4qfeh",
            "fqdn": "test-2.ru-central1.internal",
            "gpu_cluster_id": "",
            "hardware_generation": [
              {
                "generation2_features": [],
                "legacy_features": [
                  {
                    "pci_topology": "PCI_TOPOLOGY_V2"
                  }
                ]
              }
            ],
            "hostname": "test-2",
            "id": "fv4m65sj21pqcvknml8r",
            "labels": null,
            "local_disk": [],
            "maintenance_grace_period": "",
            "maintenance_policy": null,
            "metadata": {
              "user-data": "#cloud-config\nusers:\n    - name: 'megorka'\n      groups: sudo\n      shell: /bin/bash\n      sudo: 'ALL=(ALL) NOPASSWD:ALL'\n      ssh_authorized_keys:\n        - 'ssh-ed25519 AAAAC3NzaC1lZDI1NTE5AAAAIH05b1n1dR4Ep2Of1Vt+7bznJrb+zhCR8YXKvgoLNADg macbook@MacBook-Air-MacBook.local'\n    - name: 'deploy'\n      groups: sudo\n      shell: /bin/bash\n      sudo: 'ALL=(ALL) NOPASSWD:ALL'\n      ssh_authorized_keys:\n        - 'ssh-ed25519 AAAAC3NzaC1lZDI1NTE5AAAAIH05b1n1dR4Ep2Of1Vt+7bznJrb+zhCR8YXKvgoLNADg macbook@MacBook-Air-MacBook.local'\n    "
            },
            "metadata_options": [
              {
                "aws_v1_http_endpoint": 1,
                "aws_v1_http_token": 2,
                "aws_v2_http_endpoint": 1,
                "aws_v2_http_token": 1,
                "gce_http_endpoint": 1,
                "gce_http_token": 1
              }
            ],
            "name": "test-2",
            "network_acceleration_type": "standard",
            "network_interface": [
              {
                "dns_record": [],
                "index": 0,
                "ip_address": "10.0.1.17",
                "ipv4": true,
                "ipv6": false,
                "ipv6_address": "",
                "ipv6_dns_record": [],
                "mac_address": "d0:0d:16:31:79:31",
                "nat": false,
                "nat_dns_record": [],
                "nat_ip_address": "",
                "nat_ip_version": "",
                "security_group_ids": [
                  "enptbelvfgc48s3vo679"
                ],
                "subnet_id": "fl8l2sduu0lc8mtglp79"
              }
            ],
            "placement_policy": [
              {
                "host_affinity_rules": [],
                "placement_group_id": "",
                "placement_group_partition": 0
              }
            ],
            "platform_id": "standard-v3",
            "resources": [
              {
                "core_fraction": 100,
                "cores": 2,
                "gpus": 0,
                "memory": 2
              }
            ],
            "scheduling_policy": [
              {
                "preemptible": false
              }
            ],
            "secondary_disk": [],
            "service_account_id": "",
            "status": "running",
            "timeouts": null,
            "zone": "ru-central1-d"
          },
          "sensitive_attributes": [],
          "identity_schema_version": 0,
          "private": "eyJlMmJmYjczMC1lY2FhLTExZTYtOGY4OC0zNDM2M2JjN2M0YzAiOnsiY3JlYXRlIjozMDAwMDAwMDAwMDAsImRlbGV0ZSI6MzAwMDAwMDAwMDAwLCJ1cGRhdGUiOjMwMDAwMDAwMDAwMH0sInNjaGVtYV92ZXJzaW9uIjoiMSJ9",
          "dependencies": [
            "data.yandex_compute_image.ubuntu",
            "yandex_vpc_gateway.nat_gateway",
            "yandex_vpc_network.net",
            "yandex_vpc_route_table.nat_route",
            "yandex_vpc_security_group.test-sg",
            "yandex_vpc_subnet.private_subnet",
            "yandex_vpc_subnet.public_subnet"
          ]
        }
      ]
    },
    {
      "mode": "managed",
      "type": "yandex_vpc_gateway",
      "name": "nat_gateway",
      "provider": "provider[\"registry.terraform.io/yandex-cloud/yandex\"]",
      "instances": [
        {
          "schema_version": 0,
          "attributes": {
            "created_at": "2026-07-23T05:37:23Z",
            "description": "",
            "folder_id": "b1gi53mqa5sd16h4qfeh",
            "id": "enpkq117rtblsrd3td9l",
            "labels": {},
            "name": "nat-gateway",
            "shared_egress_gateway": [
              {}
            ],
            "timeouts": null
          },
          "sensitive_attributes": [],
          "identity_schema_version": 0,
          "private": "eyJlMmJmYjczMC1lY2FhLTExZTYtOGY4OC0zNDM2M2JjN2M0YzAiOnsiY3JlYXRlIjo2MDAwMDAwMDAwMCwiZGVsZXRlIjo2MDAwMDAwMDAwMCwidXBkYXRlIjo2MDAwMDAwMDAwMH19"
        }
      ]
    },
    {
      "mode": "managed",
      "type": "yandex_vpc_network",
      "name": "net",
      "provider": "provider[\"registry.terraform.io/yandex-cloud/yandex\"]",
      "instances": [
        {
          "schema_version": 0,
          "attributes": {
            "created_at": "2026-07-23T05:37:23Z",
            "default_security_group_id": "enpkd62e033mh66rhd4k",
            "description": "",
            "folder_id": "b1gi53mqa5sd16h4qfeh",
            "id": "enpfvt7cnk69tr5f622a",
            "labels": {},
            "name": "test-network",
            "subnet_ids": [],
            "timeouts": null
          },
          "sensitive_attributes": [],
          "identity_schema_version": 0,
          "private": "eyJlMmJmYjczMC1lY2FhLTExZTYtOGY4OC0zNDM2M2JjN2M0YzAiOnsiY3JlYXRlIjo2MDAwMDAwMDAwMCwiZGVsZXRlIjo2MDAwMDAwMDAwMCwidXBkYXRlIjo2MDAwMDAwMDAwMH19"
        }
      ]
    },
    {
      "mode": "managed",
      "type": "yandex_vpc_route_table",
      "name": "nat_route",
      "provider": "provider[\"registry.terraform.io/yandex-cloud/yandex\"]",
      "instances": [
        {
          "schema_version": 0,
          "attributes": {
            "created_at": "2026-07-23T05:37:25Z",
            "description": "",
            "folder_id": "b1gi53mqa5sd16h4qfeh",
            "id": "enpg0pd5nttuer8rigfv",
            "labels": {},
            "name": "",
            "network_id": "enpfvt7cnk69tr5f622a",
            "static_route": [
              {
                "destination_prefix": "0.0.0.0/0",
                "gateway_id": "enpkq117rtblsrd3td9l",
                "next_hop_address": ""
              }
            ],
            "timeouts": null
          },
          "sensitive_attributes": [],
          "identity_schema_version": 0,
          "private": "eyJlMmJmYjczMC1lY2FhLTExZTYtOGY4OC0zNDM2M2JjN2M0YzAiOnsiY3JlYXRlIjoxODAwMDAwMDAwMDAsImRlbGV0ZSI6MTgwMDAwMDAwMDAwLCJ1cGRhdGUiOjE4MDAwMDAwMDAwMH19",
          "dependencies": [
            "yandex_vpc_gateway.nat_gateway",
            "yandex_vpc_network.net"
          ]
        }
      ]
    },
    {
      "mode": "managed",
      "type": "yandex_vpc_security_group",
      "name": "test-sg",
      "provider": "provider[\"registry.terraform.io/yandex-cloud/yandex\"]",
      "instances": [
        {
          "schema_version": 0,
          "attributes": {
            "created_at": "2026-07-23T05:37:25Z",
            "description": "",
            "egress": [
              {
                "description": "for blocking any port",
                "from_port": -1,
                "id": "enpc7uf6in8m7jtfgojg",
                "labels": {},
                "port": -1,
                "predefined_target": "",
                "protocol": "ANY",
                "security_group_id": "",
                "to_port": -1,
                "v4_cidr_blocks": [
                  "0.0.0.0/0"
                ],
                "v6_cidr_blocks": []
              }
            ],
            "folder_id": "b1gi53mqa5sd16h4qfeh",
            "id": "enptbelvfgc48s3vo679",
            "ingress": [
              {
                "description": "API kuber",
                "from_port": -1,
                "id": "enp0un9pjv07m7d1c554",
                "labels": {},
                "port": 10250,
                "predefined_target": "",
                "protocol": "TCP",
                "security_group_id": "",
                "to_port": -1,
                "v4_cidr_blocks": [
                  "0.0.0.0/0"
                ],
                "v6_cidr_blocks": []
              },
              {
                "description": "HTTP",
                "from_port": -1,
                "id": "enpefej75blkpr5nu452",
                "labels": {},
                "port": 80,
                "predefined_target": "",
                "protocol": "TCP",
                "security_group_id": "",
                "to_port": -1,
                "v4_cidr_blocks": [
                  "0.0.0.0/0"
                ],
                "v6_cidr_blocks": []
              },
              {
                "description": "HTTPS",
                "from_port": -1,
                "id": "enp01jrn9p75jrenpapf",
                "labels": {},
                "port": 443,
                "predefined_target": "",
                "protocol": "TCP",
                "security_group_id": "",
                "to_port": -1,
                "v4_cidr_blocks": [
                  "0.0.0.0/0"
                ],
                "v6_cidr_blocks": []
              },
              {
                "description": "Kuber",
                "from_port": -1,
                "id": "enpfj6plhehbb9nksciv",
                "labels": {},
                "port": 6443,
                "predefined_target": "",
                "protocol": "TCP",
                "security_group_id": "",
                "to_port": -1,
                "v4_cidr_blocks": [
                  "0.0.0.0/0"
                ],
                "v6_cidr_blocks": []
              },
              {
                "description": "Kubers",
                "from_port": -1,
                "id": "enpn34np13ukfopf3dam",
                "labels": {},
                "port": 10248,
                "predefined_target": "",
                "protocol": "TCP",
                "security_group_id": "",
                "to_port": -1,
                "v4_cidr_blocks": [
                  "0.0.0.0/0"
                ],
                "v6_cidr_blocks": []
              },
              {
                "description": "SSH",
                "from_port": -1,
                "id": "enpmlqbc374fp53ch4jc",
                "labels": {},
                "port": 22,
                "predefined_target": "",
                "protocol": "TCP",
                "security_group_id": "",
                "to_port": -1,
                "v4_cidr_blocks": [
                  "0.0.0.0/0"
                ],
                "v6_cidr_blocks": []
              },
              {
                "description": "UDP",
                "from_port": -1,
                "id": "enpbfrpg6i21ssjh1hui",
                "labels": {},
                "port": 8472,
                "predefined_target": "",
                "protocol": "UDP",
                "security_group_id": "",
                "to_port": -1,
                "v4_cidr_blocks": [
                  "0.0.0.0/0"
                ],
                "v6_cidr_blocks": []
              }
            ],
            "labels": {},
            "name": "test-sg",
            "network_id": "enpfvt7cnk69tr5f622a",
            "status": "ACTIVE",
            "timeouts": null
          },
          "sensitive_attributes": [],
          "identity_schema_version": 0,
          "private": "eyJlMmJmYjczMC1lY2FhLTExZTYtOGY4OC0zNDM2M2JjN2M0YzAiOnsiY3JlYXRlIjoxODAwMDAwMDAwMDAsImRlbGV0ZSI6MTgwMDAwMDAwMDAwLCJ1cGRhdGUiOjE4MDAwMDAwMDAwMH19",
          "dependencies": [
            "yandex_vpc_network.net"
          ]
        }
      ]
    },
    {
      "mode": "managed",
      "type": "yandex_vpc_subnet",
      "name": "private_subnet",
      "provider": "provider[\"registry.terraform.io/yandex-cloud/yandex\"]",
      "instances": [
        {
          "schema_version": 0,
          "attributes": {
            "created_at": "2026-07-23T05:37:26Z",
            "description": "",
            "dhcp_options": [],
            "folder_id": "b1gi53mqa5sd16h4qfeh",
            "id": "fl8l2sduu0lc8mtglp79",
            "labels": {},
            "name": "test-private-subnet",
            "network_id": "enpfvt7cnk69tr5f622a",
            "route_table_id": "enpg0pd5nttuer8rigfv",
            "timeouts": null,
            "v4_cidr_blocks": [
              "10.0.1.0/24"
            ],
            "v6_cidr_blocks": [],
            "zone": "ru-central1-d"
          },
          "sensitive_attributes": [],
          "identity_schema_version": 0,
          "private": "eyJlMmJmYjczMC1lY2FhLTExZTYtOGY4OC0zNDM2M2JjN2M0YzAiOnsiY3JlYXRlIjoxODAwMDAwMDAwMDAsImRlbGV0ZSI6MTgwMDAwMDAwMDAwLCJ1cGRhdGUiOjE4MDAwMDAwMDAwMH19",
          "dependencies": [
            "yandex_vpc_gateway.nat_gateway",
            "yandex_vpc_network.net",
            "yandex_vpc_route_table.nat_route"
          ]
        }
      ]
    },
    {
      "mode": "managed",
      "type": "yandex_vpc_subnet",
      "name": "public_subnet",
      "provider": "provider[\"registry.terraform.io/yandex-cloud/yandex\"]",
      "instances": [
        {
          "schema_version": 0,
          "attributes": {
            "created_at": "2026-07-23T05:37:24Z",
            "description": "",
            "dhcp_options": [],
            "folder_id": "b1gi53mqa5sd16h4qfeh",
            "id": "fl8nb36g82a9i32skjj9",
            "labels": {},
            "name": "test-public-subnet",
            "network_id": "enpfvt7cnk69tr5f622a",
            "route_table_id": "",
            "timeouts": null,
            "v4_cidr_blocks": [
              "10.0.0.0/24"
            ],
            "v6_cidr_blocks": [],
            "zone": "ru-central1-d"
          },
          "sensitive_attributes": [],
          "identity_schema_version": 0,
          "private": "eyJlMmJmYjczMC1lY2FhLTExZTYtOGY4OC0zNDM2M2JjN2M0YzAiOnsiY3JlYXRlIjoxODAwMDAwMDAwMDAsImRlbGV0ZSI6MTgwMDAwMDAwMDAwLCJ1cGRhdGUiOjE4MDAwMDAwMDAwMH19",
          "dependencies": [
            "yandex_vpc_network.net"
          ]
        }
      ]
    }
  ],
  "check_results": null
}
